
Microsoft Visual Studio Solution File, Format Version 12.00
# Visual Studio Version 17
VisualStudioVersion = 17.3.32811.315
MinimumVisualStudioVersion = 10.0.40219.1
Project("{FAE04EC0-301F-11D3-BF4B-00C04F79EFBC}") = "ImageShow", "ImageShow.csproj", "{0D8A53B8-8E11-46A7-BC4B-40DD540B4809}"
EndProject
Global
	GlobalSection(SolutionConfigurationPlatforms) = preSolution
		Debug|Any CPU = Debug|Any CPU
		Release|Any CPU = Release|Any CPU
	EndGlobalSection
	GlobalSection(ProjectConfigurationPlatforms) = postSolution
		{0D8A53B8-8E11-46A7-BC4B-40DD540B4809}.Debug|Any CPU.ActiveCfg = Debug|Any CPU
		{0D8A53B8-8E11-46A7-BC4B-40DD540B4809}.Debug|Any CPU.Build.0 = Debug|Any CPU
		{0D8A53B8-8E11-46A7-BC4B-40DD540B4809}.Release|Any CPU.ActiveCfg = Release|Any CPU
		{0D8A53B8-8E11-46A7-BC4B-40DD540B4809}.Release|Any CPU.Build.0 = Release|Any CPU
	EndGlobalSection
	GlobalSection(SolutionProperties) = preSolution
		HideSolutionNode = FALSE
	EndGlobalSection
	GlobalSection(ExtensibilityGlobals) = postSolution
		SolutionGuid = {D8502158-80B0-400D-8993-16EA80581107}
	EndGlobalSection
EndGlobal
